
Microsoft Visual Studio Solution File, Format Version 12.00
# Visual Studio 15
Project("{FAE04EC0-301F-11D3-BF4B-00C04F79EFBC}") = "TestGtkCriticalErrorAddin", "TestGtkCriticalErrorAddin\TestGtkCriticalErrorAddin.csproj", "{44CF664B-30EB-4C41-A9BC-191680D4AAAF}"
EndProject
Global
	GlobalSection(SolutionConfigurationPlatforms) = preSolution
		Debug|Any CPU = Debug|Any CPU
		Release|Any CPU = Release|Any CPU
	EndGlobalSection
	GlobalSection(ProjectConfigurationPlatforms) = postSolution
		{44CF664B-30EB-4C41-A9BC-191680D4AAAF}.Debug|Any CPU.ActiveCfg = Debug|Any CPU
		{44CF664B-30EB-4C41-A9BC-191680D4AAAF}.Debug|Any CPU.Build.0 = Debug|Any CPU
		{44CF664B-30EB-4C41-A9BC-191680D4AAAF}.Release|Any CPU.ActiveCfg = Release|Any CPU
		{44CF664B-30EB-4C41-A9BC-191680D4AAAF}.Release|Any CPU.Build.0 = Release|Any CPU
	EndGlobalSection
EndGlobal
